
Microsoft Visual Studio Solution File, Format Version 12.00
# Visual Studio Version 17
VisualStudioVersion = 17.0.32126.317
MinimumVisualStudioVersion = 10.0.40219.1
Project("{FAE04EC0-301F-11D3-BF4B-00C04F79EFBC}") = "tareaConversor", "tareaConversor.csproj", "{9E14FB81-F7C3-46BC-9FA4-621C93787F1B}"
EndProject
Global
	GlobalSection(SolutionConfigurationPlatforms) = preSolution
		Debug|Any CPU = Debug|Any CPU
		Release|Any CPU = Release|Any CPU
	EndGlobalSection
	GlobalSection(ProjectConfigurationPlatforms) = postSolution
		{9E14FB81-F7C3-46BC-9FA4-621C93787F1B}.Debug|Any CPU.ActiveCfg = Debug|Any CPU
		{9E14FB81-F7C3-46BC-9FA4-621C93787F1B}.Debug|Any CPU.Build.0 = Debug|Any CPU
		{9E14FB81-F7C3-46BC-9FA4-621C93787F1B}.Release|Any CPU.ActiveCfg = Release|Any CPU
		{9E14FB81-F7C3-46BC-9FA4-621C93787F1B}.Release|Any CPU.Build.0 = Release|Any CPU
	EndGlobalSection
	GlobalSection(SolutionProperties) = preSolution
		HideSolutionNode = FALSE
	EndGlobalSection
	GlobalSection(ExtensibilityGlobals) = postSolution
		SolutionGuid = {5072773C-3663-4C4E-A04D-BD80F0EE65C4}
	EndGlobalSection
EndGlobal
